
Microsoft Visual Studio Solution File, Format Version 12.00
# Visual Studio Version 16
VisualStudioVersion = 16.0.31911.196
MinimumVisualStudioVersion = 10.0.40219.1
Project("{9A19103F-16F7-4668-BE54-9A1E7A4F7556}") = "Ardin.ZoneHCaptchaSolver.Sample", "Ardin.ZoneHCaptchaSolver.Sample\Ardin.ZoneHCaptchaSolver.Sample.csproj", "{57DE141D-9B60-4F47-8844-362E51DEB2C4}"
EndProject
Project("{FAE04EC0-301F-11D3-BF4B-00C04F79EFBC}") = "Ardin.ML.Model", "Ardin.ML.Model\Ardin.ML.Model.csproj", "{27CBA0D6-7978-4F2B-A765-4847F00C9A02}"
EndProject
Project("{2150E333-8FDC-42A3-9474-1A3956D46DE8}") = "CaptchaSamples", "CaptchaSamples", "{0404BA85-E09D-4293-97B4-FB04F43CBD41}"
	ProjectSection(SolutionItems) = preProject
		..\..\..\Users\ardin\Desktop\01.png = ..\..\..\Users\ardin\Desktop\01.png
		..\..\..\Users\ardin\Desktop\02.png = ..\..\..\Users\ardin\Desktop\02.png
		..\..\..\Users\ardin\Desktop\03.png = ..\..\..\Users\ardin\Desktop\03.png
		..\..\..\Users\ardin\Desktop\04.png = ..\..\..\Users\ardin\Desktop\04.png
		..\..\..\Users\ardin\Desktop\05.png = ..\..\..\Users\ardin\Desktop\05.png
	EndProjectSection
EndProject
Global
	GlobalSection(SolutionConfigurationPlatforms) = preSolution
		Debug|Any CPU = Debug|Any CPU
		Release|Any CPU = Release|Any CPU
	EndGlobalSection
	GlobalSection(ProjectConfigurationPlatforms) = postSolution
		{57DE141D-9B60-4F47-8844-362E51DEB2C4}.Debug|Any CPU.ActiveCfg = Debug|Any CPU
		{57DE141D-9B60-4F47-8844-362E51DEB2C4}.Debug|Any CPU.Build.0 = Debug|Any CPU
		{57DE141D-9B60-4F47-8844-362E51DEB2C4}.Release|Any CPU.ActiveCfg = Release|Any CPU
		{57DE141D-9B60-4F47-8844-362E51DEB2C4}.Release|Any CPU.Build.0 = Release|Any CPU
		{27CBA0D6-7978-4F2B-A765-4847F00C9A02}.Debug|Any CPU.ActiveCfg = Debug|Any CPU
		{27CBA0D6-7978-4F2B-A765-4847F00C9A02}.Debug|Any CPU.Build.0 = Debug|Any CPU
		{27CBA0D6-7978-4F2B-A765-4847F00C9A02}.Release|Any CPU.ActiveCfg = Release|Any CPU
		{27CBA0D6-7978-4F2B-A765-4847F00C9A02}.Release|Any CPU.Build.0 = Release|Any CPU
	EndGlobalSection
	GlobalSection(SolutionProperties) = preSolution
		HideSolutionNode = FALSE
	EndGlobalSection
	GlobalSection(ExtensibilityGlobals) = postSolution
		SolutionGuid = {B500DC93-CAAB-4AA5-84DA-7DC47B2E0426}
	EndGlobalSection
EndGlobal
